
Microsoft Visual Studio Solution File, Format Version 12.00
# Visual Studio Version 17
VisualStudioVersion = 17.11.35303.130
MinimumVisualStudioVersion = 10.0.40219.1
Project("{FAE04EC0-301F-11D3-BF4B-00C04F79EFBC}") = "Lab03", "Lab03\Lab03.csproj", "{1D40EB19-DE07-4B07-A81A-6612F24B1E5B}"
EndProject
Global
	GlobalSection(SolutionConfigurationPlatforms) = preSolution
		Debug|Any CPU = Debug|Any CPU
		Release|Any CPU = Release|Any CPU
	EndGlobalSection
	GlobalSection(ProjectConfigurationPlatforms) = postSolution
		{1D40EB19-DE07-4B07-A81A-6612F24B1E5B}.Debug|Any CPU.ActiveCfg = Debug|Any CPU
		{1D40EB19-DE07-4B07-A81A-6612F24B1E5B}.Debug|Any CPU.Build.0 = Debug|Any CPU
		{1D40EB19-DE07-4B07-A81A-6612F24B1E5B}.Release|Any CPU.ActiveCfg = Release|Any CPU
		{1D40EB19-DE07-4B07-A81A-6612F24B1E5B}.Release|Any CPU.Build.0 = Release|Any CPU
	EndGlobalSection
	GlobalSection(SolutionProperties) = preSolution
		HideSolutionNode = FALSE
	EndGlobalSection
	GlobalSection(ExtensibilityGlobals) = postSolution
		SolutionGuid = {080278F6-91E7-412D-9E46-E39D7ED838D1}
	EndGlobalSection
EndGlobal
